
Microsoft Visual Studio Solution File, Format Version 12.00
# Visual Studio Version 17
VisualStudioVersion = 17.3.32901.215
MinimumVisualStudioVersion = 10.0.40219.1
Project("{FAE04EC0-301F-11D3-BF4B-00C04F79EFBC}") = "Rybakov", "Rybakov\Rybakov.csproj", "{A684D0C5-6B24-40C4-86F4-419181F47810}"
EndProject
Global
	GlobalSection(SolutionConfigurationPlatforms) = preSolution
		Debug|Any CPU = Debug|Any CPU
		Release|Any CPU = Release|Any CPU
	EndGlobalSection
	GlobalSection(ProjectConfigurationPlatforms) = postSolution
		{A684D0C5-6B24-40C4-86F4-419181F47810}.Debug|Any CPU.ActiveCfg = Debug|Any CPU
		{A684D0C5-6B24-40C4-86F4-419181F47810}.Debug|Any CPU.Build.0 = Debug|Any CPU
		{A684D0C5-6B24-40C4-86F4-419181F47810}.Release|Any CPU.ActiveCfg = Release|Any CPU
		{A684D0C5-6B24-40C4-86F4-419181F47810}.Release|Any CPU.Build.0 = Release|Any CPU
	EndGlobalSection
	GlobalSection(SolutionProperties) = preSolution
		HideSolutionNode = FALSE
	EndGlobalSection
	GlobalSection(ExtensibilityGlobals) = postSolution
		SolutionGuid = {7A19508D-E4F5-44BE-887D-C12552F88C09}
	EndGlobalSection
EndGlobal
